
Microsoft Visual Studio Solution File, Format Version 12.00
# Visual Studio Version 16
VisualStudioVersion = 16.0.31410.357
MinimumVisualStudioVersion = 10.0.40219.1
Project("{FAE04EC0-301F-11D3-BF4B-00C04F79EFBC}") = "LinkedList", "LinkedList\LinkedList.csproj", "{9AEB7B31-58F5-48B6-B8D6-99D2AAB43BFF}"
EndProject
Project("{FAE04EC0-301F-11D3-BF4B-00C04F79EFBC}") = "UnitTestProject1", "UnitTestProject1\UnitTestProject1.csproj", "{1979932F-C428-47CB-BC99-F8FECE93B735}"
EndProject
Global
	GlobalSection(SolutionConfigurationPlatforms) = preSolution
		Debug|Any CPU = Debug|Any CPU
		Release|Any CPU = Release|Any CPU
	EndGlobalSection
	GlobalSection(ProjectConfigurationPlatforms) = postSolution
		{9AEB7B31-58F5-48B6-B8D6-99D2AAB43BFF}.Debug|Any CPU.ActiveCfg = Debug|Any CPU
		{9AEB7B31-58F5-48B6-B8D6-99D2AAB43BFF}.Debug|Any CPU.Build.0 = Debug|Any CPU
		{9AEB7B31-58F5-48B6-B8D6-99D2AAB43BFF}.Release|Any CPU.ActiveCfg = Release|Any CPU
		{9AEB7B31-58F5-48B6-B8D6-99D2AAB43BFF}.Release|Any CPU.Build.0 = Release|Any CPU
		{1979932F-C428-47CB-BC99-F8FECE93B735}.Debug|Any CPU.ActiveCfg = Debug|Any CPU
		{1979932F-C428-47CB-BC99-F8FECE93B735}.Debug|Any CPU.Build.0 = Debug|Any CPU
		{1979932F-C428-47CB-BC99-F8FECE93B735}.Release|Any CPU.ActiveCfg = Release|Any CPU
		{1979932F-C428-47CB-BC99-F8FECE93B735}.Release|Any CPU.Build.0 = Release|Any CPU
	EndGlobalSection
	GlobalSection(SolutionProperties) = preSolution
		HideSolutionNode = FALSE
	EndGlobalSection
	GlobalSection(ExtensibilityGlobals) = postSolution
		SolutionGuid = {A71B9BA8-F83B-4E3A-9523-8A867822B00D}
	EndGlobalSection
EndGlobal
